
Microsoft Visual Studio Solution File, Format Version 12.00
# Visual Studio Version 16
VisualStudioVersion = 16.0.31702.278
MinimumVisualStudioVersion = 10.0.40219.1
Project("{9A19103F-16F7-4668-BE54-9A1E7A4F7556}") = "HinhChuNhat", "HinhChuNhat\HinhChuNhat.csproj", "{6CC04C36-9AEB-4951-A98A-ED1E231590B6}"
EndProject
Project("{9A19103F-16F7-4668-BE54-9A1E7A4F7556}") = "Fibonaci", "Fibonaci\Fibonaci.csproj", "{D2A0C0F8-2AB3-4ECE-A101-62A57560FEDA}"
EndProject
Project("{9A19103F-16F7-4668-BE54-9A1E7A4F7556}") = "Giaithua", "Giaithua\Giaithua.csproj", "{F5B032F0-5097-4FCB-ADA8-63E996FF1CC8}"
EndProject
Project("{9A19103F-16F7-4668-BE54-9A1E7A4F7556}") = "HeCoSo", "HeCoSo\HeCoSo.csproj", "{0E0C9978-CE8D-4AD6-8D24-AB9BD7EEBBD1}"
EndProject
Project("{9A19103F-16F7-4668-BE54-9A1E7A4F7556}") = "DanhSach", "DanhSach\DanhSach.csproj", "{DAAFDCF1-BCE8-4C21-BF4A-3BE686796E7A}"
EndProject
Project("{FAE04EC0-301F-11D3-BF4B-00C04F79EFBC}") = "Bai7", "Bai7\Bai7.csproj", "{6A7957E8-5979-4DF5-8237-8B8F06A886AA}"
EndProject
Global
	GlobalSection(SolutionConfigurationPlatforms) = preSolution
		Debug|Any CPU = Debug|Any CPU
		Release|Any CPU = Release|Any CPU
	EndGlobalSection
	GlobalSection(ProjectConfigurationPlatforms) = postSolution
		{6CC04C36-9AEB-4951-A98A-ED1E231590B6}.Debug|Any CPU.ActiveCfg = Debug|Any CPU
		{6CC04C36-9AEB-4951-A98A-ED1E231590B6}.Debug|Any CPU.Build.0 = Debug|Any CPU
		{6CC04C36-9AEB-4951-A98A-ED1E231590B6}.Release|Any CPU.ActiveCfg = Release|Any CPU
		{6CC04C36-9AEB-4951-A98A-ED1E231590B6}.Release|Any CPU.Build.0 = Release|Any CPU
		{D2A0C0F8-2AB3-4ECE-A101-62A57560FEDA}.Debug|Any CPU.ActiveCfg = Debug|Any CPU
		{D2A0C0F8-2AB3-4ECE-A101-62A57560FEDA}.Debug|Any CPU.Build.0 = Debug|Any CPU
		{D2A0C0F8-2AB3-4ECE-A101-62A57560FEDA}.Release|Any CPU.ActiveCfg = Release|Any CPU
		{D2A0C0F8-2AB3-4ECE-A101-62A57560FEDA}.Release|Any CPU.Build.0 = Release|Any CPU
		{F5B032F0-5097-4FCB-ADA8-63E996FF1CC8}.Debug|Any CPU.ActiveCfg = Debug|Any CPU
		{F5B032F0-5097-4FCB-ADA8-63E996FF1CC8}.Debug|Any CPU.Build.0 = Debug|Any CPU
		{F5B032F0-5097-4FCB-ADA8-63E996FF1CC8}.Release|Any CPU.ActiveCfg = Release|Any CPU
		{F5B032F0-5097-4FCB-ADA8-63E996FF1CC8}.Release|Any CPU.Build.0 = Release|Any CPU
		{0E0C9978-CE8D-4AD6-8D24-AB9BD7EEBBD1}.Debug|Any CPU.ActiveCfg = Debug|Any CPU
		{0E0C9978-CE8D-4AD6-8D24-AB9BD7EEBBD1}.Debug|Any CPU.Build.0 = Debug|Any CPU
		{0E0C9978-CE8D-4AD6-8D24-AB9BD7EEBBD1}.Release|Any CPU.ActiveCfg = Release|Any CPU
		{0E0C9978-CE8D-4AD6-8D24-AB9BD7EEBBD1}.Release|Any CPU.Build.0 = Release|Any CPU
		{DAAFDCF1-BCE8-4C21-BF4A-3BE686796E7A}.Debug|Any CPU.ActiveCfg = Debug|Any CPU
		{DAAFDCF1-BCE8-4C21-BF4A-3BE686796E7A}.Debug|Any CPU.Build.0 = Debug|Any CPU
		{DAAFDCF1-BCE8-4C21-BF4A-3BE686796E7A}.Release|Any CPU.ActiveCfg = Release|Any CPU
		{DAAFDCF1-BCE8-4C21-BF4A-3BE686796E7A}.Release|Any CPU.Build.0 = Release|Any CPU
		{6A7957E8-5979-4DF5-8237-8B8F06A886AA}.Debug|Any CPU.ActiveCfg = Debug|Any CPU
		{6A7957E8-5979-4DF5-8237-8B8F06A886AA}.Debug|Any CPU.Build.0 = Debug|Any CPU
		{6A7957E8-5979-4DF5-8237-8B8F06A886AA}.Release|Any CPU.ActiveCfg = Release|Any CPU
		{6A7957E8-5979-4DF5-8237-8B8F06A886AA}.Release|Any CPU.Build.0 = Release|Any CPU
	EndGlobalSection
	GlobalSection(SolutionProperties) = preSolution
		HideSolutionNode = FALSE
	EndGlobalSection
	GlobalSection(ExtensibilityGlobals) = postSolution
		SolutionGuid = {6E6E4172-3634-4A36-A17A-2D245058A6B7}
	EndGlobalSection
EndGlobal
