
Microsoft Visual Studio Solution File, Format Version 12.00
# Visual Studio Version 16
VisualStudioVersion = 16.0.31702.278
MinimumVisualStudioVersion = 10.0.40219.1
Project("{FAE04EC0-301F-11D3-BF4B-00C04F79EFBC}") = "LeVanHuy_2019602429_proj51", "LeVanHuy_2019602429_proj51\LeVanHuy_2019602429_proj51.csproj", "{10B0538A-2EFF-4779-875E-EBFF83A5DE16}"
EndProject
Global
	GlobalSection(SolutionConfigurationPlatforms) = preSolution
		Debug|Any CPU = Debug|Any CPU
		Release|Any CPU = Release|Any CPU
	EndGlobalSection
	GlobalSection(ProjectConfigurationPlatforms) = postSolution
		{10B0538A-2EFF-4779-875E-EBFF83A5DE16}.Debug|Any CPU.ActiveCfg = Debug|Any CPU
		{10B0538A-2EFF-4779-875E-EBFF83A5DE16}.Debug|Any CPU.Build.0 = Debug|Any CPU
		{10B0538A-2EFF-4779-875E-EBFF83A5DE16}.Release|Any CPU.ActiveCfg = Release|Any CPU
		{10B0538A-2EFF-4779-875E-EBFF83A5DE16}.Release|Any CPU.Build.0 = Release|Any CPU
	EndGlobalSection
	GlobalSection(SolutionProperties) = preSolution
		HideSolutionNode = FALSE
	EndGlobalSection
	GlobalSection(ExtensibilityGlobals) = postSolution
		SolutionGuid = {5E51F101-EF5F-4D9B-91BA-D2091C8AF393}
	EndGlobalSection
EndGlobal
