
Microsoft Visual Studio Solution File, Format Version 12.00
# Visual Studio Version 16
VisualStudioVersion = 16.0.31702.278
MinimumVisualStudioVersion = 10.0.40219.1
Project("{FAE04EC0-301F-11D3-BF4B-00C04F79EFBC}") = "LeVanHuy_2019602429_proj52", "LeVanHuy_2019602429_proj52\LeVanHuy_2019602429_proj52.csproj", "{A16EB800-4552-40DC-B22F-5D86021D7A16}"
EndProject
Global
	GlobalSection(SolutionConfigurationPlatforms) = preSolution
		Debug|Any CPU = Debug|Any CPU
		Release|Any CPU = Release|Any CPU
	EndGlobalSection
	GlobalSection(ProjectConfigurationPlatforms) = postSolution
		{A16EB800-4552-40DC-B22F-5D86021D7A16}.Debug|Any CPU.ActiveCfg = Debug|Any CPU
		{A16EB800-4552-40DC-B22F-5D86021D7A16}.Debug|Any CPU.Build.0 = Debug|Any CPU
		{A16EB800-4552-40DC-B22F-5D86021D7A16}.Release|Any CPU.ActiveCfg = Release|Any CPU
		{A16EB800-4552-40DC-B22F-5D86021D7A16}.Release|Any CPU.Build.0 = Release|Any CPU
	EndGlobalSection
	GlobalSection(SolutionProperties) = preSolution
		HideSolutionNode = FALSE
	EndGlobalSection
	GlobalSection(ExtensibilityGlobals) = postSolution
		SolutionGuid = {FD36332A-0DB2-47E7-A5B0-2B9D899B495E}
	EndGlobalSection
EndGlobal
