
Microsoft Visual Studio Solution File, Format Version 12.00
# Visual Studio Version 16
VisualStudioVersion = 16.0.31702.278
MinimumVisualStudioVersion = 10.0.40219.1
Project("{FAE04EC0-301F-11D3-BF4B-00C04F79EFBC}") = "Bai1", "Bai1\Bai1.csproj", "{8BB7A521-C109-42F2-AAA3-93E14CBEF2D3}"
EndProject
Global
	GlobalSection(SolutionConfigurationPlatforms) = preSolution
		Debug|Any CPU = Debug|Any CPU
		Release|Any CPU = Release|Any CPU
	EndGlobalSection
	GlobalSection(ProjectConfigurationPlatforms) = postSolution
		{8BB7A521-C109-42F2-AAA3-93E14CBEF2D3}.Debug|Any CPU.ActiveCfg = Debug|Any CPU
		{8BB7A521-C109-42F2-AAA3-93E14CBEF2D3}.Debug|Any CPU.Build.0 = Debug|Any CPU
		{8BB7A521-C109-42F2-AAA3-93E14CBEF2D3}.Release|Any CPU.ActiveCfg = Release|Any CPU
		{8BB7A521-C109-42F2-AAA3-93E14CBEF2D3}.Release|Any CPU.Build.0 = Release|Any CPU
	EndGlobalSection
	GlobalSection(SolutionProperties) = preSolution
		HideSolutionNode = FALSE
	EndGlobalSection
	GlobalSection(ExtensibilityGlobals) = postSolution
		SolutionGuid = {E2D3AB41-B4C1-47AD-99CF-5A592FC31358}
	EndGlobalSection
EndGlobal
